
Microsoft Visual Studio Solution File, Format Version 12.00
# Visual Studio Version 17
VisualStudioVersion = 17.5.33516.290
MinimumVisualStudioVersion = 10.0.40219.1
Project("{9A19103F-16F7-4668-BE54-9A1E7A4F7556}") = "TargetApi", "TargetApi\TargetApi.csproj", "{C874DC77-44D2-4BC5-9DED-0411D7621AD7}"
EndProject
Project("{9A19103F-16F7-4668-BE54-9A1E7A4F7556}") = "ChatGptBot-tools-calling", "ChatGptBot-tools-calling\ChatGptBot-tools-calling.csproj", "{D39BDE5C-640F-40C5-9CAA-E939E02C2146}"
EndProject
Global
	GlobalSection(SolutionConfigurationPlatforms) = preSolution
		Debug|Any CPU = Debug|Any CPU
		Release|Any CPU = Release|Any CPU
	EndGlobalSection
	GlobalSection(ProjectConfigurationPlatforms) = postSolution
		{C874DC77-44D2-4BC5-9DED-0411D7621AD7}.Debug|Any CPU.ActiveCfg = Debug|Any CPU
		{C874DC77-44D2-4BC5-9DED-0411D7621AD7}.Debug|Any CPU.Build.0 = Debug|Any CPU
		{C874DC77-44D2-4BC5-9DED-0411D7621AD7}.Release|Any CPU.ActiveCfg = Release|Any CPU
		{C874DC77-44D2-4BC5-9DED-0411D7621AD7}.Release|Any CPU.Build.0 = Release|Any CPU
		{D39BDE5C-640F-40C5-9CAA-E939E02C2146}.Debug|Any CPU.ActiveCfg = Debug|Any CPU
		{D39BDE5C-640F-40C5-9CAA-E939E02C2146}.Debug|Any CPU.Build.0 = Debug|Any CPU
		{D39BDE5C-640F-40C5-9CAA-E939E02C2146}.Release|Any CPU.ActiveCfg = Release|Any CPU
		{D39BDE5C-640F-40C5-9CAA-E939E02C2146}.Release|Any CPU.Build.0 = Release|Any CPU
	EndGlobalSection
	GlobalSection(SolutionProperties) = preSolution
		HideSolutionNode = FALSE
	EndGlobalSection
	GlobalSection(ExtensibilityGlobals) = postSolution
		SolutionGuid = {15AB9F04-8591-4A12-BCE2-128A898DF22F}
	EndGlobalSection
EndGlobal
